
Microsoft Visual Studio Solution File, Format Version 12.00
# Visual Studio Version 17
VisualStudioVersion = 17.0.31903.59
MinimumVisualStudioVersion = 10.0.40219.1
Project("{2150E333-8FDC-42A3-9474-1A3956D46DE8}") = "samples", "samples", "{5D20AA90-6969-D8BD-9DCD-8634F4692FDA}"
EndProject
Project("{FAE04EC0-301F-11D3-BF4B-00C04F79EFBC}") = "BlazorDemo", "samples\BlazorDemo\BlazorDemo.csproj", "{78F65682-0344-4BF0-B7B4-B791FF932420}"
EndProject
Project("{FAE04EC0-301F-11D3-BF4B-00C04F79EFBC}") = "WinFormsDemo", "samples\WinFormsDemo\WinFormsDemo.csproj", "{2E8C6A90-CF45-4634-9C37-084BD240521F}"
EndProject
Project("{FAE04EC0-301F-11D3-BF4B-00C04F79EFBC}") = "WpfDemo", "samples\WpfDemo\WpfDemo.csproj", "{7B229542-CA31-40B1-94A8-688C13F32224}"
EndProject
Project("{2150E333-8FDC-42A3-9474-1A3956D46DE8}") = "src", "src", "{827E0CD3-B72D-47B6-A68D-7590B98EB39B}"
EndProject
Project("{FAE04EC0-301F-11D3-BF4B-00C04F79EFBC}") = "Lucide.NET.Blazor", "src\Lucide.NET.Blazor\Lucide.NET.Blazor.csproj", "{7FA9B88D-BA10-45FB-BE6A-5925E75A71AD}"
EndProject
Project("{FAE04EC0-301F-11D3-BF4B-00C04F79EFBC}") = "Lucide.NET.Core", "src\Lucide.NET.Core\Lucide.NET.Core.csproj", "{61F4F8CD-55B2-4C13-B5F5-1361001FD100}"
EndProject
Project("{FAE04EC0-301F-11D3-BF4B-00C04F79EFBC}") = "Lucide.NET.WinForms", "src\Lucide.NET.WinForms\Lucide.NET.WinForms.csproj", "{9C83C440-650F-44D5-8BDB-E70457485D92}"
EndProject
Project("{FAE04EC0-301F-11D3-BF4B-00C04F79EFBC}") = "Lucide.NET.Wpf", "src\Lucide.NET.Wpf\Lucide.NET.Wpf.csproj", "{75D3CB09-A92E-468F-9FEF-A9FF15C4E671}"
EndProject
Project("{2150E333-8FDC-42A3-9474-1A3956D46DE8}") = "tests", "tests", "{0AB3BF05-4346-4AA6-1389-037BE0695223}"
EndProject
Project("{FAE04EC0-301F-11D3-BF4B-00C04F79EFBC}") = "Lucide.NET.Core.Tests", "tests\Lucide.NET.Core.Tests\Lucide.NET.Core.Tests.csproj", "{1614EC5D-3DB0-4FB0-B46B-5D8977B6E9AA}"
EndProject
Project("{FAE04EC0-301F-11D3-BF4B-00C04F79EFBC}") = "Lucide.NET.WinForms.Tests", "tests\Lucide.NET.WinForms.Tests\Lucide.NET.WinForms.Tests.csproj", "{57178EB9-C8AA-4B75-BEF3-727D629407D9}"
EndProject
Project("{FAE04EC0-301F-11D3-BF4B-00C04F79EFBC}") = "Lucide.NET.Wpf.Tests", "tests\Lucide.NET.Wpf.Tests\Lucide.NET.Wpf.Tests.csproj", "{C463F6BB-A02D-408B-A0A4-67A55B0537BA}"
EndProject
Project("{2150E333-8FDC-42A3-9474-1A3956D46DE8}") = "eng", "eng", "{52885A05-A227-4909-81B4-CEFE5F0B7378}"
EndProject
Project("{2150E333-8FDC-42A3-9474-1A3956D46DE8}") = "icons", "icons", "{3FA7A363-7AE6-4E96-9B32-9BC8912EA92A}"
EndProject
Project("{2150E333-8FDC-42A3-9474-1A3956D46DE8}") = "generator", "generator", "{2B45C8FC-0B1A-4990-A1F7-F145033D2101}"
EndProject
Project("{FAE04EC0-301F-11D3-BF4B-00C04F79EFBC}") = "Lucide.Generator", "eng\icons\generator\Lucide.Generator\Lucide.Generator.csproj", "{CFF99A8A-C7A3-4926-9E3A-C4D76E0ED5EE}"
EndProject
Global
	GlobalSection(SolutionConfigurationPlatforms) = preSolution
		Debug|Any CPU = Debug|Any CPU
		Debug|x64 = Debug|x64
		Debug|x86 = Debug|x86
		Release|Any CPU = Release|Any CPU
		Release|x64 = Release|x64
		Release|x86 = Release|x86
	EndGlobalSection
	GlobalSection(ProjectConfigurationPlatforms) = postSolution
		{78F65682-0344-4BF0-B7B4-B791FF932420}.Debug|Any CPU.ActiveCfg = Debug|Any CPU
		{78F65682-0344-4BF0-B7B4-B791FF932420}.Debug|Any CPU.Build.0 = Debug|Any CPU
		{78F65682-0344-4BF0-B7B4-B791FF932420}.Debug|x64.ActiveCfg = Debug|Any CPU
		{78F65682-0344-4BF0-B7B4-B791FF932420}.Debug|x64.Build.0 = Debug|Any CPU
		{78F65682-0344-4BF0-B7B4-B791FF932420}.Debug|x86.ActiveCfg = Debug|Any CPU
		{78F65682-0344-4BF0-B7B4-B791FF932420}.Debug|x86.Build.0 = Debug|Any CPU
		{78F65682-0344-4BF0-B7B4-B791FF932420}.Release|Any CPU.ActiveCfg = Release|Any CPU
		{78F65682-0344-4BF0-B7B4-B791FF932420}.Release|Any CPU.Build.0 = Release|Any CPU
		{78F65682-0344-4BF0-B7B4-B791FF932420}.Release|x64.ActiveCfg = Release|Any CPU
		{78F65682-0344-4BF0-B7B4-B791FF932420}.Release|x64.Build.0 = Release|Any CPU
		{78F65682-0344-4BF0-B7B4-B791FF932420}.Release|x86.ActiveCfg = Release|Any CPU
		{78F65682-0344-4BF0-B7B4-B791FF932420}.Release|x86.Build.0 = Release|Any CPU
		{2E8C6A90-CF45-4634-9C37-084BD240521F}.Debug|Any CPU.ActiveCfg = Debug|Any CPU
		{2E8C6A90-CF45-4634-9C37-084BD240521F}.Debug|Any CPU.Build.0 = Debug|Any CPU
		{2E8C6A90-CF45-4634-9C37-084BD240521F}.Debug|x64.ActiveCfg = Debug|Any CPU
		{2E8C6A90-CF45-4634-9C37-084BD240521F}.Debug|x64.Build.0 = Debug|Any CPU
		{2E8C6A90-CF45-4634-9C37-084BD240521F}.Debug|x86.ActiveCfg = Debug|Any CPU
		{2E8C6A90-CF45-4634-9C37-084BD240521F}.Debug|x86.Build.0 = Debug|Any CPU
		{2E8C6A90-CF45-4634-9C37-084BD240521F}.Release|Any CPU.ActiveCfg = Release|Any CPU
		{2E8C6A90-CF45-4634-9C37-084BD240521F}.Release|Any CPU.Build.0 = Release|Any CPU
		{2E8C6A90-CF45-4634-9C37-084BD240521F}.Release|x64.ActiveCfg = Release|Any CPU
		{2E8C6A90-CF45-4634-9C37-084BD240521F}.Release|x64.Build.0 = Release|Any CPU
		{2E8C6A90-CF45-4634-9C37-084BD240521F}.Release|x86.ActiveCfg = Release|Any CPU
		{2E8C6A90-CF45-4634-9C37-084BD240521F}.Release|x86.Build.0 = Release|Any CPU
		{7B229542-CA31-40B1-94A8-688C13F32224}.Debug|Any CPU.ActiveCfg = Debug|Any CPU
		{7B229542-CA31-40B1-94A8-688C13F32224}.Debug|Any CPU.Build.0 = Debug|Any CPU
		{7B229542-CA31-40B1-94A8-688C13F32224}.Debug|x64.ActiveCfg = Debug|Any CPU
		{7B229542-CA31-40B1-94A8-688C13F32224}.Debug|x64.Build.0 = Debug|Any CPU
		{7B229542-CA31-40B1-94A8-688C13F32224}.Debug|x86.ActiveCfg = Debug|Any CPU
		{7B229542-CA31-40B1-94A8-688C13F32224}.Debug|x86.Build.0 = Debug|Any CPU
		{7B229542-CA31-40B1-94A8-688C13F32224}.Release|Any CPU.ActiveCfg = Release|Any CPU
		{7B229542-CA31-40B1-94A8-688C13F32224}.Release|Any CPU.Build.0 = Release|Any CPU
		{7B229542-CA31-40B1-94A8-688C13F32224}.Release|x64.ActiveCfg = Release|Any CPU
		{7B229542-CA31-40B1-94A8-688C13F32224}.Release|x64.Build.0 = Release|Any CPU
		{7B229542-CA31-40B1-94A8-688C13F32224}.Release|x86.ActiveCfg = Release|Any CPU
		{7B229542-CA31-40B1-94A8-688C13F32224}.Release|x86.Build.0 = Release|Any CPU
		{7FA9B88D-BA10-45FB-BE6A-5925E75A71AD}.Debug|Any CPU.ActiveCfg = Debug|Any CPU
		{7FA9B88D-BA10-45FB-BE6A-5925E75A71AD}.Debug|Any CPU.Build.0 = Debug|Any CPU
		{7FA9B88D-BA10-45FB-BE6A-5925E75A71AD}.Debug|x64.ActiveCfg = Debug|Any CPU
		{7FA9B88D-BA10-45FB-BE6A-5925E75A71AD}.Debug|x64.Build.0 = Debug|Any CPU
		{7FA9B88D-BA10-45FB-BE6A-5925E75A71AD}.Debug|x86.ActiveCfg = Debug|Any CPU
		{7FA9B88D-BA10-45FB-BE6A-5925E75A71AD}.Debug|x86.Build.0 = Debug|Any CPU
		{7FA9B88D-BA10-45FB-BE6A-5925E75A71AD}.Release|Any CPU.ActiveCfg = Release|Any CPU
		{7FA9B88D-BA10-45FB-BE6A-5925E75A71AD}.Release|Any CPU.Build.0 = Release|Any CPU
		{7FA9B88D-BA10-45FB-BE6A-5925E75A71AD}.Release|x64.ActiveCfg = Release|Any CPU
		{7FA9B88D-BA10-45FB-BE6A-5925E75A71AD}.Release|x64.Build.0 = Release|Any CPU
		{7FA9B88D-BA10-45FB-BE6A-5925E75A71AD}.Release|x86.ActiveCfg = Release|Any CPU
		{7FA9B88D-BA10-45FB-BE6A-5925E75A71AD}.Release|x86.Build.0 = Release|Any CPU
		{61F4F8CD-55B2-4C13-B5F5-1361001FD100}.Debug|Any CPU.ActiveCfg = Debug|Any CPU
		{61F4F8CD-55B2-4C13-B5F5-1361001FD100}.Debug|Any CPU.Build.0 = Debug|Any CPU
		{61F4F8CD-55B2-4C13-B5F5-1361001FD100}.Debug|x64.ActiveCfg = Debug|Any CPU
		{61F4F8CD-55B2-4C13-B5F5-1361001FD100}.Debug|x64.Build.0 = Debug|Any CPU
		{61F4F8CD-55B2-4C13-B5F5-1361001FD100}.Debug|x86.ActiveCfg = Debug|Any CPU
		{61F4F8CD-55B2-4C13-B5F5-1361001FD100}.Debug|x86.Build.0 = Debug|Any CPU
		{61F4F8CD-55B2-4C13-B5F5-1361001FD100}.Release|Any CPU.ActiveCfg = Release|Any CPU
		{61F4F8CD-55B2-4C13-B5F5-1361001FD100}.Release|Any CPU.Build.0 = Release|Any CPU
		{61F4F8CD-55B2-4C13-B5F5-1361001FD100}.Release|x64.ActiveCfg = Release|Any CPU
		{61F4F8CD-55B2-4C13-B5F5-1361001FD100}.Release|x64.Build.0 = Release|Any CPU
		{61F4F8CD-55B2-4C13-B5F5-1361001FD100}.Release|x86.ActiveCfg = Release|Any CPU
		{61F4F8CD-55B2-4C13-B5F5-1361001FD100}.Release|x86.Build.0 = Release|Any CPU
		{9C83C440-650F-44D5-8BDB-E70457485D92}.Debug|Any CPU.ActiveCfg = Debug|Any CPU
		{9C83C440-650F-44D5-8BDB-E70457485D92}.Debug|Any CPU.Build.0 = Debug|Any CPU
		{9C83C440-650F-44D5-8BDB-E70457485D92}.Debug|x64.ActiveCfg = Debug|Any CPU
		{9C83C440-650F-44D5-8BDB-E70457485D92}.Debug|x64.Build.0 = Debug|Any CPU
		{9C83C440-650F-44D5-8BDB-E70457485D92}.Debug|x86.ActiveCfg = Debug|Any CPU
		{9C83C440-650F-44D5-8BDB-E70457485D92}.Debug|x86.Build.0 = Debug|Any CPU
		{9C83C440-650F-44D5-8BDB-E70457485D92}.Release|Any CPU.ActiveCfg = Release|Any CPU
		{9C83C440-650F-44D5-8BDB-E70457485D92}.Release|Any CPU.Build.0 = Release|Any CPU
		{9C83C440-650F-44D5-8BDB-E70457485D92}.Release|x64.ActiveCfg = Release|Any CPU
		{9C83C440-650F-44D5-8BDB-E70457485D92}.Release|x64.Build.0 = Release|Any CPU
		{9C83C440-650F-44D5-8BDB-E70457485D92}.Release|x86.ActiveCfg = Release|Any CPU
		{9C83C440-650F-44D5-8BDB-E70457485D92}.Release|x86.Build.0 = Release|Any CPU
		{75D3CB09-A92E-468F-9FEF-A9FF15C4E671}.Debug|Any CPU.ActiveCfg = Debug|Any CPU
		{75D3CB09-A92E-468F-9FEF-A9FF15C4E671}.Debug|Any CPU.Build.0 = Debug|Any CPU
		{75D3CB09-A92E-468F-9FEF-A9FF15C4E671}.Debug|x64.ActiveCfg = Debug|Any CPU
		{75D3CB09-A92E-468F-9FEF-A9FF15C4E671}.Debug|x64.Build.0 = Debug|Any CPU
		{75D3CB09-A92E-468F-9FEF-A9FF15C4E671}.Debug|x86.ActiveCfg = Debug|Any CPU
		{75D3CB09-A92E-468F-9FEF-A9FF15C4E671}.Debug|x86.Build.0 = Debug|Any CPU
		{75D3CB09-A92E-468F-9FEF-A9FF15C4E671}.Release|Any CPU.ActiveCfg = Release|Any CPU
		{75D3CB09-A92E-468F-9FEF-A9FF15C4E671}.Release|Any CPU.Build.0 = Release|Any CPU
		{75D3CB09-A92E-468F-9FEF-A9FF15C4E671}.Release|x64.ActiveCfg = Release|Any CPU
		{75D3CB09-A92E-468F-9FEF-A9FF15C4E671}.Release|x64.Build.0 = Release|Any CPU
		{75D3CB09-A92E-468F-9FEF-A9FF15C4E671}.Release|x86.ActiveCfg = Release|Any CPU
		{75D3CB09-A92E-468F-9FEF-A9FF15C4E671}.Release|x86.Build.0 = Release|Any CPU
		{1614EC5D-3DB0-4FB0-B46B-5D8977B6E9AA}.Debug|Any CPU.ActiveCfg = Debug|Any CPU
		{1614EC5D-3DB0-4FB0-B46B-5D8977B6E9AA}.Debug|Any CPU.Build.0 = Debug|Any CPU
		{1614EC5D-3DB0-4FB0-B46B-5D8977B6E9AA}.Debug|x64.ActiveCfg = Debug|Any CPU
		{1614EC5D-3DB0-4FB0-B46B-5D8977B6E9AA}.Debug|x64.Build.0 = Debug|Any CPU
		{1614EC5D-3DB0-4FB0-B46B-5D8977B6E9AA}.Debug|x86.ActiveCfg = Debug|Any CPU
		{1614EC5D-3DB0-4FB0-B46B-5D8977B6E9AA}.Debug|x86.Build.0 = Debug|Any CPU
		{1614EC5D-3DB0-4FB0-B46B-5D8977B6E9AA}.Release|Any CPU.ActiveCfg = Release|Any CPU
		{1614EC5D-3DB0-4FB0-B46B-5D8977B6E9AA}.Release|Any CPU.Build.0 = Release|Any CPU
		{1614EC5D-3DB0-4FB0-B46B-5D8977B6E9AA}.Release|x64.ActiveCfg = Release|Any CPU
		{1614EC5D-3DB0-4FB0-B46B-5D8977B6E9AA}.Release|x64.Build.0 = Release|Any CPU
		{1614EC5D-3DB0-4FB0-B46B-5D8977B6E9AA}.Release|x86.ActiveCfg = Release|Any CPU
		{1614EC5D-3DB0-4FB0-B46B-5D8977B6E9AA}.Release|x86.Build.0 = Release|Any CPU
		{57178EB9-C8AA-4B75-BEF3-727D629407D9}.Debug|Any CPU.ActiveCfg = Debug|Any CPU
		{57178EB9-C8AA-4B75-BEF3-727D629407D9}.Debug|Any CPU.Build.0 = Debug|Any CPU
		{57178EB9-C8AA-4B75-BEF3-727D629407D9}.Debug|x64.ActiveCfg = Debug|Any CPU
		{57178EB9-C8AA-4B75-BEF3-727D629407D9}.Debug|x64.Build.0 = Debug|Any CPU
		{57178EB9-C8AA-4B75-BEF3-727D629407D9}.Debug|x86.ActiveCfg = Debug|Any CPU
		{57178EB9-C8AA-4B75-BEF3-727D629407D9}.Debug|x86.Build.0 = Debug|Any CPU
		{57178EB9-C8AA-4B75-BEF3-727D629407D9}.Release|Any CPU.ActiveCfg = Release|Any CPU
		{57178EB9-C8AA-4B75-BEF3-727D629407D9}.Release|Any CPU.Build.0 = Release|Any CPU
		{57178EB9-C8AA-4B75-BEF3-727D629407D9}.Release|x64.ActiveCfg = Release|Any CPU
		{57178EB9-C8AA-4B75-BEF3-727D629407D9}.Release|x64.Build.0 = Release|Any CPU
		{57178EB9-C8AA-4B75-BEF3-727D629407D9}.Release|x86.ActiveCfg = Release|Any CPU
		{57178EB9-C8AA-4B75-BEF3-727D629407D9}.Release|x86.Build.0 = Release|Any CPU
		{C463F6BB-A02D-408B-A0A4-67A55B0537BA}.Debug|Any CPU.ActiveCfg = Debug|Any CPU
		{C463F6BB-A02D-408B-A0A4-67A55B0537BA}.Debug|Any CPU.Build.0 = Debug|Any CPU
		{C463F6BB-A02D-408B-A0A4-67A55B0537BA}.Debug|x64.ActiveCfg = Debug|Any CPU
		{C463F6BB-A02D-408B-A0A4-67A55B0537BA}.Debug|x64.Build.0 = Debug|Any CPU
		{C463F6BB-A02D-408B-A0A4-67A55B0537BA}.Debug|x86.ActiveCfg = Debug|Any CPU
		{C463F6BB-A02D-408B-A0A4-67A55B0537BA}.Debug|x86.Build.0 = Debug|Any CPU
		{C463F6BB-A02D-408B-A0A4-67A55B0537BA}.Release|Any CPU.ActiveCfg = Release|Any CPU
		{C463F6BB-A02D-408B-A0A4-67A55B0537BA}.Release|Any CPU.Build.0 = Release|Any CPU
		{C463F6BB-A02D-408B-A0A4-67A55B0537BA}.Release|x64.ActiveCfg = Release|Any CPU
		{C463F6BB-A02D-408B-A0A4-67A55B0537BA}.Release|x64.Build.0 = Release|Any CPU
		{C463F6BB-A02D-408B-A0A4-67A55B0537BA}.Release|x86.ActiveCfg = Release|Any CPU
		{C463F6BB-A02D-408B-A0A4-67A55B0537BA}.Release|x86.Build.0 = Release|Any CPU
		{CFF99A8A-C7A3-4926-9E3A-C4D76E0ED5EE}.Debug|Any CPU.ActiveCfg = Debug|Any CPU
		{CFF99A8A-C7A3-4926-9E3A-C4D76E0ED5EE}.Debug|Any CPU.Build.0 = Debug|Any CPU
		{CFF99A8A-C7A3-4926-9E3A-C4D76E0ED5EE}.Debug|x64.ActiveCfg = Debug|Any CPU
		{CFF99A8A-C7A3-4926-9E3A-C4D76E0ED5EE}.Debug|x64.Build.0 = Debug|Any CPU
		{CFF99A8A-C7A3-4926-9E3A-C4D76E0ED5EE}.Debug|x86.ActiveCfg = Debug|Any CPU
		{CFF99A8A-C7A3-4926-9E3A-C4D76E0ED5EE}.Debug|x86.Build.0 = Debug|Any CPU
		{CFF99A8A-C7A3-4926-9E3A-C4D76E0ED5EE}.Release|Any CPU.ActiveCfg = Release|Any CPU
		{CFF99A8A-C7A3-4926-9E3A-C4D76E0ED5EE}.Release|Any CPU.Build.0 = Release|Any CPU
		{CFF99A8A-C7A3-4926-9E3A-C4D76E0ED5EE}.Release|x64.ActiveCfg = Release|Any CPU
		{CFF99A8A-C7A3-4926-9E3A-C4D76E0ED5EE}.Release|x64.Build.0 = Release|Any CPU
		{CFF99A8A-C7A3-4926-9E3A-C4D76E0ED5EE}.Release|x86.ActiveCfg = Release|Any CPU
		{CFF99A8A-C7A3-4926-9E3A-C4D76E0ED5EE}.Release|x86.Build.0 = Release|Any CPU
	EndGlobalSection
	GlobalSection(SolutionProperties) = preSolution
		HideSolutionNode = FALSE
	EndGlobalSection
	GlobalSection(NestedProjects) = preSolution
		{78F65682-0344-4BF0-B7B4-B791FF932420} = {5D20AA90-6969-D8BD-9DCD-8634F4692FDA}
		{2E8C6A90-CF45-4634-9C37-084BD240521F} = {5D20AA90-6969-D8BD-9DCD-8634F4692FDA}
		{7B229542-CA31-40B1-94A8-688C13F32224} = {5D20AA90-6969-D8BD-9DCD-8634F4692FDA}
		{7FA9B88D-BA10-45FB-BE6A-5925E75A71AD} = {827E0CD3-B72D-47B6-A68D-7590B98EB39B}
		{61F4F8CD-55B2-4C13-B5F5-1361001FD100} = {827E0CD3-B72D-47B6-A68D-7590B98EB39B}
		{9C83C440-650F-44D5-8BDB-E70457485D92} = {827E0CD3-B72D-47B6-A68D-7590B98EB39B}
		{75D3CB09-A92E-468F-9FEF-A9FF15C4E671} = {827E0CD3-B72D-47B6-A68D-7590B98EB39B}
		{1614EC5D-3DB0-4FB0-B46B-5D8977B6E9AA} = {0AB3BF05-4346-4AA6-1389-037BE0695223}
		{57178EB9-C8AA-4B75-BEF3-727D629407D9} = {0AB3BF05-4346-4AA6-1389-037BE0695223}
		{C463F6BB-A02D-408B-A0A4-67A55B0537BA} = {0AB3BF05-4346-4AA6-1389-037BE0695223}
		{3FA7A363-7AE6-4E96-9B32-9BC8912EA92A} = {52885A05-A227-4909-81B4-CEFE5F0B7378}
		{2B45C8FC-0B1A-4990-A1F7-F145033D2101} = {3FA7A363-7AE6-4E96-9B32-9BC8912EA92A}
		{CFF99A8A-C7A3-4926-9E3A-C4D76E0ED5EE} = {2B45C8FC-0B1A-4990-A1F7-F145033D2101}
	EndGlobalSection
EndGlobal
